// !$*UTF8*$!
{
	archiveVersion = 1;
	classes = {
	};
	objectVersion = 54;
	objects = {

/* Begin PBXBuildFile section */
		2BF9BFBF3D84B675CA374A76 /* Pods_MyComic.framework in Frameworks */ = {isa = PBXBuildFile; fileRef = 3F6CF335137425CAA4D4D63D /* Pods_MyComic.framework */; };
		2ED9521BC858408EDFAA3B6B /* Pods_MyComic_MyComicUITests.framework in Frameworks */ = {isa = PBXBuildFile; fileRef = 6A3A398D53B04AAED236242C /* Pods_MyComic_MyComicUITests.framework */; };
		C6717686287037CB008E6CEC /* MyComicApp.swift in Sources */ = {isa = PBXBuildFile; fileRef = C6717685287037CB008E6CEC /* MyComicApp.swift */; };
		C671768A287037CF008E6CEC /* Assets.xcassets in Resources */ = {isa = PBXBuildFile; fileRef = C6717689287037CF008E6CEC /* Assets.xcassets */; };
		C671768D287037CF008E6CEC /* Preview Assets.xcassets in Resources */ = {isa = PBXBuildFile; fileRef = C671768C287037CF008E6CEC /* Preview Assets.xcassets */; };
		C6717698287037CF008E6CEC /* MyComicTests.swift in Sources */ = {isa = PBXBuildFile; fileRef = C6717697287037CF008E6CEC /* MyComicTests.swift */; };
		C67176A3287037CF008E6CEC /* MyComicUITests.swift in Sources */ = {isa = PBXBuildFile; fileRef = C67176A2287037CF008E6CEC /* MyComicUITests.swift */; };
		C67176B728703E06008E6CEC /* Comic.swift in Sources */ = {isa = PBXBuildFile; fileRef = C67176B628703E06008E6CEC /* Comic.swift */; };
		C67176C528704A15008E6CEC /* Repository.swift in Sources */ = {isa = PBXBuildFile; fileRef = C67176C428704A15008E6CEC /* Repository.swift */; };
		C67176D42872A06E008E6CEC /* Protocols.swift in Sources */ = {isa = PBXBuildFile; fileRef = C67176D32872A06E008E6CEC /* Protocols.swift */; };
		C67176D62872A2FC008E6CEC /* TopView.swift in Sources */ = {isa = PBXBuildFile; fileRef = C67176D52872A2FC008E6CEC /* TopView.swift */; };
		C67176D82872A368008E6CEC /* TopRouter.swift in Sources */ = {isa = PBXBuildFile; fileRef = C67176D72872A368008E6CEC /* TopRouter.swift */; };
		C67176DA2872A37A008E6CEC /* TopInteractor.swift in Sources */ = {isa = PBXBuildFile; fileRef = C67176D92872A37A008E6CEC /* TopInteractor.swift */; };
		C67176DC2872A3A0008E6CEC /* TopPresenter.swift in Sources */ = {isa = PBXBuildFile; fileRef = C67176DB2872A3A0008E6CEC /* TopPresenter.swift */; };
		C67176DE2872A3B7008E6CEC /* TopScene.swift in Sources */ = {isa = PBXBuildFile; fileRef = C67176DD2872A3B7008E6CEC /* TopScene.swift */; };
		C67176E228839718008E6CEC /* MyListView.swift in Sources */ = {isa = PBXBuildFile; fileRef = C67176E128839718008E6CEC /* MyListView.swift */; };
		C67176E428839725008E6CEC /* ToBuyListView.swift in Sources */ = {isa = PBXBuildFile; fileRef = C67176E328839725008E6CEC /* ToBuyListView.swift */; };
		C6CE09872883C7F2001BECE9 /* MyComic.strings in Resources */ = {isa = PBXBuildFile; fileRef = C6CE09862883C7F2001BECE9 /* MyComic.strings */; };
		C6CE098E2883CE27001BECE9 /* R.generated.swift in Sources */ = {isa = PBXBuildFile; fileRef = C6CE098D2883CE27001BECE9 /* R.generated.swift */; };
		D5EB2E69D83CEBB1E2241F55 /* Pods_MyComicTests.framework in Frameworks */ = {isa = PBXBuildFile; fileRef = 49AE3CF02AF4708D1DA928CD /* Pods_MyComicTests.framework */; };
/* End PBXBuildFile section */

/* Begin PBXContainerItemProxy section */
		C6717694287037CF008E6CEC /* PBXContainerItemProxy */ = {
			isa = PBXContainerItemProxy;
			containerPortal = C671767A287037CB008E6CEC /* Project object */;
			proxyType = 1;
			remoteGlobalIDString = C6717681287037CB008E6CEC;
			remoteInfo = MyComic;
		};
		C671769F287037CF008E6CEC /* PBXContainerItemProxy */ = {
			isa = PBXContainerItemProxy;
			containerPortal = C671767A287037CB008E6CEC /* Project object */;
			proxyType = 1;
			remoteGlobalIDString = C6717681287037CB008E6CEC;
			remoteInfo = MyComic;
		};
/* End PBXContainerItemProxy section */

/* Begin PBXFileReference section */
		382691351916C62A07B24656 /* Pods-MyComicTests.debug.xcconfig */ = {isa = PBXFileReference; includeInIndex = 1; lastKnownFileType = text.xcconfig; name = "Pods-MyComicTests.debug.xcconfig"; path = "Target Support Files/Pods-MyComicTests/Pods-MyComicTests.debug.xcconfig"; sourceTree = "<group>"; };
		3F6CF335137425CAA4D4D63D /* Pods_MyComic.framework */ = {isa = PBXFileReference; explicitFileType = wrapper.framework; includeInIndex = 0; path = Pods_MyComic.framework; sourceTree = BUILT_PRODUCTS_DIR; };
		49AE3CF02AF4708D1DA928CD /* Pods_MyComicTests.framework */ = {isa = PBXFileReference; explicitFileType = wrapper.framework; includeInIndex = 0; path = Pods_MyComicTests.framework; sourceTree = BUILT_PRODUCTS_DIR; };
		6A3A398D53B04AAED236242C /* Pods_MyComic_MyComicUITests.framework */ = {isa = PBXFileReference; explicitFileType = wrapper.framework; includeInIndex = 0; path = Pods_MyComic_MyComicUITests.framework; sourceTree = BUILT_PRODUCTS_DIR; };
		6DD977DCE425334DBF46DCEA /* Pods-MyComic-MyComicUITests.debug.xcconfig */ = {isa = PBXFileReference; includeInIndex = 1; lastKnownFileType = text.xcconfig; name = "Pods-MyComic-MyComicUITests.debug.xcconfig"; path = "Target Support Files/Pods-MyComic-MyComicUITests/Pods-MyComic-MyComicUITests.debug.xcconfig"; sourceTree = "<group>"; };
		86E6E8B80D1554EF9FF1668B /* Pods-MyComic-MyComicUITests.release.xcconfig */ = {isa = PBXFileReference; includeInIndex = 1; lastKnownFileType = text.xcconfig; name = "Pods-MyComic-MyComicUITests.release.xcconfig"; path = "Target Support Files/Pods-MyComic-MyComicUITests/Pods-MyComic-MyComicUITests.release.xcconfig"; sourceTree = "<group>"; };
		935B3751DE661BB9F543FDBD /* Pods-MyComic.release.xcconfig */ = {isa = PBXFileReference; includeInIndex = 1; lastKnownFileType = text.xcconfig; name = "Pods-MyComic.release.xcconfig"; path = "Target Support Files/Pods-MyComic/Pods-MyComic.release.xcconfig"; sourceTree = "<group>"; };
		A3F0B53568AA1F6AAC904E89 /* Pods-MyComicTests.release.xcconfig */ = {isa = PBXFileReference; includeInIndex = 1; lastKnownFileType = text.xcconfig; name = "Pods-MyComicTests.release.xcconfig"; path = "Target Support Files/Pods-MyComicTests/Pods-MyComicTests.release.xcconfig"; sourceTree = "<group>"; };
		C6717682287037CB008E6CEC /* MyComic.app */ = {isa = PBXFileReference; explicitFileType = wrapper.application; includeInIndex = 0; path = MyComic.app; sourceTree = BUILT_PRODUCTS_DIR; };
		C6717685287037CB008E6CEC /* MyComicApp.swift */ = {isa = PBXFileReference; lastKnownFileType = sourcecode.swift; path = MyComicApp.swift; sourceTree = "<group>"; };
		C6717689287037CF008E6CEC /* Assets.xcassets */ = {isa = PBXFileReference; lastKnownFileType = folder.assetcatalog; path = Assets.xcassets; sourceTree = "<group>"; };
		C671768C287037CF008E6CEC /* Preview Assets.xcassets */ = {isa = PBXFileReference; lastKnownFileType = folder.assetcatalog; path = "Preview Assets.xcassets"; sourceTree = "<group>"; };
		C671768E287037CF008E6CEC /* Info.plist */ = {isa = PBXFileReference; lastKnownFileType = text.plist.xml; path = Info.plist; sourceTree = "<group>"; };
		C6717693287037CF008E6CEC /* MyComicTests.xctest */ = {isa = PBXFileReference; explicitFileType = wrapper.cfbundle; includeInIndex = 0; path = MyComicTests.xctest; sourceTree = BUILT_PRODUCTS_DIR; };
		C6717697287037CF008E6CEC /* MyComicTests.swift */ = {isa = PBXFileReference; lastKnownFileType = sourcecode.swift; path = MyComicTests.swift; sourceTree = "<group>"; };
		C6717699287037CF008E6CEC /* Info.plist */ = {isa = PBXFileReference; lastKnownFileType = text.plist.xml; path = Info.plist; sourceTree = "<group>"; };
		C671769E287037CF008E6CEC /* MyComicUITests.xctest */ = {isa = PBXFileReference; explicitFileType = wrapper.cfbundle; includeInIndex = 0; path = MyComicUITests.xctest; sourceTree = BUILT_PRODUCTS_DIR; };
		C67176A2287037CF008E6CEC /* MyComicUITests.swift */ = {isa = PBXFileReference; lastKnownFileType = sourcecode.swift; path = MyComicUITests.swift; sourceTree = "<group>"; };
		C67176A4287037CF008E6CEC /* Info.plist */ = {isa = PBXFileReference; lastKnownFileType = text.plist.xml; path = Info.plist; sourceTree = "<group>"; };
		C67176B628703E06008E6CEC /* Comic.swift */ = {isa = PBXFileReference; lastKnownFileType = sourcecode.swift; path = Comic.swift; sourceTree = "<group>"; };
		C67176C428704A15008E6CEC /* Repository.swift */ = {isa = PBXFileReference; lastKnownFileType = sourcecode.swift; path = Repository.swift; sourceTree = "<group>"; };
		C67176D32872A06E008E6CEC /* Protocols.swift */ = {isa = PBXFileReference; lastKnownFileType = sourcecode.swift; path = Protocols.swift; sourceTree = "<group>"; };
		C67176D52872A2FC008E6CEC /* TopView.swift */ = {isa = PBXFileReference; lastKnownFileType = sourcecode.swift; path = TopView.swift; sourceTree = "<group>"; };
		C67176D72872A368008E6CEC /* TopRouter.swift */ = {isa = PBXFileReference; lastKnownFileType = sourcecode.swift; path = TopRouter.swift; sourceTree = "<group>"; };
		C67176D92872A37A008E6CEC /* TopInteractor.swift */ = {isa = PBXFileReference; lastKnownFileType = sourcecode.swift; path = TopInteractor.swift; sourceTree = "<group>"; };
		C67176DB2872A3A0008E6CEC /* TopPresenter.swift */ = {isa = PBXFileReference; lastKnownFileType = sourcecode.swift; path = TopPresenter.swift; sourceTree = "<group>"; };
		C67176DD2872A3B7008E6CEC /* TopScene.swift */ = {isa = PBXFileReference; lastKnownFileType = sourcecode.swift; path = TopScene.swift; sourceTree = "<group>"; };
		C67176E128839718008E6CEC /* MyListView.swift */ = {isa = PBXFileReference; lastKnownFileType = sourcecode.swift; path = MyListView.swift; sourceTree = "<group>"; };
		C67176E328839725008E6CEC /* ToBuyListView.swift */ = {isa = PBXFileReference; lastKnownFileType = sourcecode.swift; path = ToBuyListView.swift; sourceTree = "<group>"; };
		C6CE09862883C7F2001BECE9 /* MyComic.strings */ = {isa = PBXFileReference; lastKnownFileType = text.plist.strings; path = MyComic.strings; sourceTree = "<group>"; };
		C6CE098D2883CE27001BECE9 /* R.generated.swift */ = {isa = PBXFileReference; fileEncoding = 4; lastKnownFileType = sourcecode.swift; name = R.generated.swift; path = MyComic/Application/Resources/R.generated.swift; sourceTree = SOURCE_ROOT; };
		C991E5B5E5B286E6E7C31831 /* Pods-MyComic.debug.xcconfig */ = {isa = PBXFileReference; includeInIndex = 1; lastKnownFileType = text.xcconfig; name = "Pods-MyComic.debug.xcconfig"; path = "Target Support Files/Pods-MyComic/Pods-MyComic.debug.xcconfig"; sourceTree = "<group>"; };
/* End PBXFileReference section */

/* Begin PBXFrameworksBuildPhase section */
		C671767F287037CB008E6CEC /* Frameworks */ = {
			isa = PBXFrameworksBuildPhase;
			buildActionMask = 2147483647;
			files = (
				2BF9BFBF3D84B675CA374A76 /* Pods_MyComic.framework in Frameworks */,
			);
			runOnlyForDeploymentPostprocessing = 0;
		};
		C6717690287037CF008E6CEC /* Frameworks */ = {
			isa = PBXFrameworksBuildPhase;
			buildActionMask = 2147483647;
			files = (
				D5EB2E69D83CEBB1E2241F55 /* Pods_MyComicTests.framework in Frameworks */,
			);
			runOnlyForDeploymentPostprocessing = 0;
		};
		C671769B287037CF008E6CEC /* Frameworks */ = {
			isa = PBXFrameworksBuildPhase;
			buildActionMask = 2147483647;
			files = (
				2ED9521BC858408EDFAA3B6B /* Pods_MyComic_MyComicUITests.framework in Frameworks */,
			);
			runOnlyForDeploymentPostprocessing = 0;
		};
/* End PBXFrameworksBuildPhase section */

/* Begin PBXGroup section */
		00A9D995F9285C300CB6C72E /* Frameworks */ = {
			isa = PBXGroup;
			children = (
				3F6CF335137425CAA4D4D63D /* Pods_MyComic.framework */,
				6A3A398D53B04AAED236242C /* Pods_MyComic_MyComicUITests.framework */,
				49AE3CF02AF4708D1DA928CD /* Pods_MyComicTests.framework */,
			);
			name = Frameworks;
			sourceTree = "<group>";
		};
		01F528F54CA9A6A9BCAA68A2 /* Pods */ = {
			isa = PBXGroup;
			children = (
				C991E5B5E5B286E6E7C31831 /* Pods-MyComic.debug.xcconfig */,
				935B3751DE661BB9F543FDBD /* Pods-MyComic.release.xcconfig */,
				6DD977DCE425334DBF46DCEA /* Pods-MyComic-MyComicUITests.debug.xcconfig */,
				86E6E8B80D1554EF9FF1668B /* Pods-MyComic-MyComicUITests.release.xcconfig */,
				382691351916C62A07B24656 /* Pods-MyComicTests.debug.xcconfig */,
				A3F0B53568AA1F6AAC904E89 /* Pods-MyComicTests.release.xcconfig */,
			);
			path = Pods;
			sourceTree = "<group>";
		};
		C6717679287037CB008E6CEC = {
			isa = PBXGroup;
			children = (
				C6717684287037CB008E6CEC /* MyComic */,
				C6717696287037CF008E6CEC /* MyComicTests */,
				C67176A1287037CF008E6CEC /* MyComicUITests */,
				C6717683287037CB008E6CEC /* Products */,
				01F528F54CA9A6A9BCAA68A2 /* Pods */,
				00A9D995F9285C300CB6C72E /* Frameworks */,
			);
			sourceTree = "<group>";
		};
		C6717683287037CB008E6CEC /* Products */ = {
			isa = PBXGroup;
			children = (
				C6717682287037CB008E6CEC /* MyComic.app */,
				C6717693287037CF008E6CEC /* MyComicTests.xctest */,
				C671769E287037CF008E6CEC /* MyComicUITests.xctest */,
			);
			name = Products;
			sourceTree = "<group>";
		};
		C6717684287037CB008E6CEC /* MyComic */ = {
			isa = PBXGroup;
			children = (
				C67176B028703D78008E6CEC /* Application */,
				C67176B328703DCE008E6CEC /* Domain */,
				C67176B228703DC0008E6CEC /* Feature */,
				C67176B428703DDA008E6CEC /* Infra */,
			);
			path = MyComic;
			sourceTree = "<group>";
		};
		C671768B287037CF008E6CEC /* Preview Content */ = {
			isa = PBXGroup;
			children = (
				C671768C287037CF008E6CEC /* Preview Assets.xcassets */,
			);
			path = "Preview Content";
			sourceTree = "<group>";
		};
		C6717696287037CF008E6CEC /* MyComicTests */ = {
			isa = PBXGroup;
			children = (
				C6717697287037CF008E6CEC /* MyComicTests.swift */,
				C6717699287037CF008E6CEC /* Info.plist */,
			);
			path = MyComicTests;
			sourceTree = "<group>";
		};
		C67176A1287037CF008E6CEC /* MyComicUITests */ = {
			isa = PBXGroup;
			children = (
				C67176A2287037CF008E6CEC /* MyComicUITests.swift */,
				C67176A4287037CF008E6CEC /* Info.plist */,
			);
			path = MyComicUITests;
			sourceTree = "<group>";
		};
		C67176B028703D78008E6CEC /* Application */ = {
			isa = PBXGroup;
			children = (
				C67176B128703DB0008E6CEC /* Resources */,
				C671768E287037CF008E6CEC /* Info.plist */,
				C6717685287037CB008E6CEC /* MyComicApp.swift */,
				C6CE098D2883CE27001BECE9 /* R.generated.swift */,
			);
			path = Application;
			sourceTree = "<group>";
		};
		C67176B128703DB0008E6CEC /* Resources */ = {
			isa = PBXGroup;
			children = (
				C671768B287037CF008E6CEC /* Preview Content */,
				C6CE098A2883C941001BECE9 /* Strings */,
				C6717689287037CF008E6CEC /* Assets.xcassets */,
			);
			path = Resources;
			sourceTree = "<group>";
		};
		C67176B228703DC0008E6CEC /* Feature */ = {
			isa = PBXGroup;
			children = (
				C67176DF2883916C008E6CEC /* MyList */,
				C67176E0288391E7008E6CEC /* ToBuyList */,
				C67176D028729B44008E6CEC /* Top */,
				C67176D32872A06E008E6CEC /* Protocols.swift */,
			);
			path = Feature;
			sourceTree = "<group>";
		};
		C67176B328703DCE008E6CEC /* Domain */ = {
			isa = PBXGroup;
			children = (
				C67176B528703DF6008E6CEC /* Entities */,
				C67176C628704A1E008E6CEC /* Repositories */,
			);
			path = Domain;
			sourceTree = "<group>";
		};
		C67176B428703DDA008E6CEC /* Infra */ = {
			isa = PBXGroup;
			children = (
				C67176C728704DFC008E6CEC /* WebAPI */,
			);
			path = Infra;
			sourceTree = "<group>";
		};
		C67176B528703DF6008E6CEC /* Entities */ = {
			isa = PBXGroup;
			children = (
				C67176B628703E06008E6CEC /* Comic.swift */,
			);
			path = Entities;
			sourceTree = "<group>";
		};
		C67176C628704A1E008E6CEC /* Repositories */ = {
			isa = PBXGroup;
			children = (
				C67176C428704A15008E6CEC /* Repository.swift */,
			);
			path = Repositories;
			sourceTree = "<group>";
		};
		C67176C728704DFC008E6CEC /* WebAPI */ = {
			isa = PBXGroup;
			children = (
			);
			path = WebAPI;
			sourceTree = "<group>";
		};
		C67176D028729B44008E6CEC /* Top */ = {
			isa = PBXGroup;
			children = (
				C67176D92872A37A008E6CEC /* TopInteractor.swift */,
				C67176DB2872A3A0008E6CEC /* TopPresenter.swift */,
				C67176D72872A368008E6CEC /* TopRouter.swift */,
				C67176DD2872A3B7008E6CEC /* TopScene.swift */,
				C67176D52872A2FC008E6CEC /* TopView.swift */,
			);
			path = Top;
			sourceTree = "<group>";
		};
		C67176DF2883916C008E6CEC /* MyList */ = {
			isa = PBXGroup;
			children = (
				C67176E128839718008E6CEC /* MyListView.swift */,
			);
			path = MyList;
			sourceTree = "<group>";
		};
		C67176E0288391E7008E6CEC /* ToBuyList */ = {
			isa = PBXGroup;
			children = (
				C67176E328839725008E6CEC /* ToBuyListView.swift */,
			);
			path = ToBuyList;
			sourceTree = "<group>";
		};
		C6CE098A2883C941001BECE9 /* Strings */ = {
			isa = PBXGroup;
			children = (
				C6CE09862883C7F2001BECE9 /* MyComic.strings */,
			);
			path = Strings;
			sourceTree = "<group>";
		};
/* End PBXGroup section */

/* Begin PBXNativeTarget section */
		C6717681287037CB008E6CEC /* MyComic */ = {
			isa = PBXNativeTarget;
			buildConfigurationList = C67176A7287037CF008E6CEC /* Build configuration list for PBXNativeTarget "MyComic" */;
			buildPhases = (
				31672A055FCE770BE8BC6440 /* [CP] Check Pods Manifest.lock */,
				C6CE09802883C064001BECE9 /* Rswift */,
				C671767E287037CB008E6CEC /* Sources */,
				C671767F287037CB008E6CEC /* Frameworks */,
				C6717680287037CB008E6CEC /* Resources */,
				B6C590FADBE776C01C75CBD8 /* [CP] Embed Pods Frameworks */,
			);
			buildRules = (
			);
			dependencies = (
			);
			name = MyComic;
			productName = MyComic;
			productReference = C6717682287037CB008E6CEC /* MyComic.app */;
			productType = "com.apple.product-type.application";
		};
		C6717692287037CF008E6CEC /* MyComicTests */ = {
			isa = PBXNativeTarget;
			buildConfigurationList = C67176AA287037CF008E6CEC /* Build configuration list for PBXNativeTarget "MyComicTests" */;
			buildPhases = (
				712D01F81F37FA32C6E291CE /* [CP] Check Pods Manifest.lock */,
				C671768F287037CF008E6CEC /* Sources */,
				C6717690287037CF008E6CEC /* Frameworks */,
				C6717691287037CF008E6CEC /* Resources */,
			);
			buildRules = (
			);
			dependencies = (
				C6717695287037CF008E6CEC /* PBXTargetDependency */,
			);
			name = MyComicTests;
			productName = MyComicTests;
			productReference = C6717693287037CF008E6CEC /* MyComicTests.xctest */;
			productType = "com.apple.product-type.bundle.unit-test";
		};
		C671769D287037CF008E6CEC /* MyComicUITests */ = {
			isa = PBXNativeTarget;
			buildConfigurationList = C67176AD287037CF008E6CEC /* Build configuration list for PBXNativeTarget "MyComicUITests" */;
			buildPhases = (
				A3124D76C18CF8D16457ED49 /* [CP] Check Pods Manifest.lock */,
				C671769A287037CF008E6CEC /* Sources */,
				C671769B287037CF008E6CEC /* Frameworks */,
				C671769C287037CF008E6CEC /* Resources */,
				3E6F408BF4D2A5F982C49860 /* [CP] Embed Pods Frameworks */,
			);
			buildRules = (
			);
			dependencies = (
				C67176A0287037CF008E6CEC /* PBXTargetDependency */,
			);
			name = MyComicUITests;
			productName = MyComicUITests;
			productReference = C671769E287037CF008E6CEC /* MyComicUITests.xctest */;
			productType = "com.apple.product-type.bundle.ui-testing";
		};
/* End PBXNativeTarget section */

/* Begin PBXProject section */
		C671767A287037CB008E6CEC /* Project object */ = {
			isa = PBXProject;
			attributes = {
				LastSwiftUpdateCheck = 1200;
				LastUpgradeCheck = 1200;
				TargetAttributes = {
					C6717681287037CB008E6CEC = {
						CreatedOnToolsVersion = 12.0;
					};
					C6717692287037CF008E6CEC = {
						CreatedOnToolsVersion = 12.0;
						TestTargetID = C6717681287037CB008E6CEC;
					};
					C671769D287037CF008E6CEC = {
						CreatedOnToolsVersion = 12.0;
						TestTargetID = C6717681287037CB008E6CEC;
					};
				};
			};
			buildConfigurationList = C671767D287037CB008E6CEC /* Build configuration list for PBXProject "MyComic" */;
			compatibilityVersion = "Xcode 9.3";
			developmentRegion = en;
			hasScannedForEncodings = 0;
			knownRegions = (
				en,
				Base,
			);
			mainGroup = C6717679287037CB008E6CEC;
			productRefGroup = C6717683287037CB008E6CEC /* Products */;
			projectDirPath = "";
			projectRoot = "";
			targets = (
				C6717681287037CB008E6CEC /* MyComic */,
				C6717692287037CF008E6CEC /* MyComicTests */,
				C671769D287037CF008E6CEC /* MyComicUITests */,
			);
		};
/* End PBXProject section */

/* Begin PBXResourcesBuildPhase section */
		C6717680287037CB008E6CEC /* Resources */ = {
			isa = PBXResourcesBuildPhase;
			buildActionMask = 2147483647;
			files = (
				C6CE09872883C7F2001BECE9 /* MyComic.strings in Resources */,
				C671768D287037CF008E6CEC /* Preview Assets.xcassets in Resources */,
				C671768A287037CF008E6CEC /* Assets.xcassets in Resources */,
			);
			runOnlyForDeploymentPostprocessing = 0;
		};
		C6717691287037CF008E6CEC /* Resources */ = {
			isa = PBXResourcesBuildPhase;
			buildActionMask = 2147483647;
			files = (
			);
			runOnlyForDeploymentPostprocessing = 0;
		};
		C671769C287037CF008E6CEC /* Resources */ = {
			isa = PBXResourcesBuildPhase;
			buildActionMask = 2147483647;
			files = (
			);
			runOnlyForDeploymentPostprocessing = 0;
		};
/* End PBXResourcesBuildPhase section */

/* Begin PBXShellScriptBuildPhase section */
		31672A055FCE770BE8BC6440 /* [CP] Check Pods Manifest.lock */ = {
			isa = PBXShellScriptBuildPhase;
			buildActionMask = 2147483647;
			files = (
			);
			inputFileListPaths = (
			);
			inputPaths = (
				"${PODS_PODFILE_DIR_PATH}/Podfile.lock",
				"${PODS_ROOT}/Manifest.lock",
			);
			name = "[CP] Check Pods Manifest.lock";
			outputFileListPaths = (
			);
			outputPaths = (
				"$(DERIVED_FILE_DIR)/Pods-MyComic-checkManifestLockResult.txt",
			);
			runOnlyForDeploymentPostprocessing = 0;
			shellPath = /bin/sh;
			shellScript = "diff \"${PODS_PODFILE_DIR_PATH}/Podfile.lock\" \"${PODS_ROOT}/Manifest.lock\" > /dev/null\nif [ $? != 0 ] ; then\n    # print error to STDERR\n    echo \"error: The sandbox is not in sync with the Podfile.lock. Run 'pod install' or update your CocoaPods installation.\" >&2\n    exit 1\nfi\n# This output is used by Xcode 'outputs' to avoid re-running this script phase.\necho \"SUCCESS\" > \"${SCRIPT_OUTPUT_FILE_0}\"\n";
			showEnvVarsInLog = 0;
		};
		3E6F408BF4D2A5F982C49860 /* [CP] Embed Pods Frameworks */ = {
			isa = PBXShellScriptBuildPhase;
			buildActionMask = 2147483647;
			files = (
			);
			inputFileListPaths = (
				"${PODS_ROOT}/Target Support Files/Pods-MyComic-MyComicUITests/Pods-MyComic-MyComicUITests-frameworks-${CONFIGURATION}-input-files.xcfilelist",
			);
			name = "[CP] Embed Pods Frameworks";
			outputFileListPaths = (
				"${PODS_ROOT}/Target Support Files/Pods-MyComic-MyComicUITests/Pods-MyComic-MyComicUITests-frameworks-${CONFIGURATION}-output-files.xcfilelist",
			);
			runOnlyForDeploymentPostprocessing = 0;
			shellPath = /bin/sh;
			shellScript = "\"${PODS_ROOT}/Target Support Files/Pods-MyComic-MyComicUITests/Pods-MyComic-MyComicUITests-frameworks.sh\"\n";
			showEnvVarsInLog = 0;
		};
		712D01F81F37FA32C6E291CE /* [CP] Check Pods Manifest.lock */ = {
			isa = PBXShellScriptBuildPhase;
			buildActionMask = 2147483647;
			files = (
			);
			inputFileListPaths = (
			);
			inputPaths = (
				"${PODS_PODFILE_DIR_PATH}/Podfile.lock",
				"${PODS_ROOT}/Manifest.lock",
			);
			name = "[CP] Check Pods Manifest.lock";
			outputFileListPaths = (
			);
			outputPaths = (
				"$(DERIVED_FILE_DIR)/Pods-MyComicTests-checkManifestLockResult.txt",
			);
			runOnlyForDeploymentPostprocessing = 0;
			shellPath = /bin/sh;
			shellScript = "diff \"${PODS_PODFILE_DIR_PATH}/Podfile.lock\" \"${PODS_ROOT}/Manifest.lock\" > /dev/null\nif [ $? != 0 ] ; then\n    # print error to STDERR\n    echo \"error: The sandbox is not in sync with the Podfile.lock. Run 'pod install' or update your CocoaPods installation.\" >&2\n    exit 1\nfi\n# This output is used by Xcode 'outputs' to avoid re-running this script phase.\necho \"SUCCESS\" > \"${SCRIPT_OUTPUT_FILE_0}\"\n";
			showEnvVarsInLog = 0;
		};
		A3124D76C18CF8D16457ED49 /* [CP] Check Pods Manifest.lock */ = {
			isa = PBXShellScriptBuildPhase;
			buildActionMask = 2147483647;
			files = (
			);
			inputFileListPaths = (
			);
			inputPaths = (
				"${PODS_PODFILE_DIR_PATH}/Podfile.lock",
				"${PODS_ROOT}/Manifest.lock",
			);
			name = "[CP] Check Pods Manifest.lock";
			outputFileListPaths = (
			);
			outputPaths = (
				"$(DERIVED_FILE_DIR)/Pods-MyComic-MyComicUITests-checkManifestLockResult.txt",
			);
			runOnlyForDeploymentPostprocessing = 0;
			shellPath = /bin/sh;
			shellScript = "diff \"${PODS_PODFILE_DIR_PATH}/Podfile.lock\" \"${PODS_ROOT}/Manifest.lock\" > /dev/null\nif [ $? != 0 ] ; then\n    # print error to STDERR\n    echo \"error: The sandbox is not in sync with the Podfile.lock. Run 'pod install' or update your CocoaPods installation.\" >&2\n    exit 1\nfi\n# This output is used by Xcode 'outputs' to avoid re-running this script phase.\necho \"SUCCESS\" > \"${SCRIPT_OUTPUT_FILE_0}\"\n";
			showEnvVarsInLog = 0;
		};
		B6C590FADBE776C01C75CBD8 /* [CP] Embed Pods Frameworks */ = {
			isa = PBXShellScriptBuildPhase;
			buildActionMask = 2147483647;
			files = (
			);
			inputFileListPaths = (
				"${PODS_ROOT}/Target Support Files/Pods-MyComic/Pods-MyComic-frameworks-${CONFIGURATION}-input-files.xcfilelist",
			);
			name = "[CP] Embed Pods Frameworks";
			outputFileListPaths = (
				"${PODS_ROOT}/Target Support Files/Pods-MyComic/Pods-MyComic-frameworks-${CONFIGURATION}-output-files.xcfilelist",
			);
			runOnlyForDeploymentPostprocessing = 0;
			shellPath = /bin/sh;
			shellScript = "\"${PODS_ROOT}/Target Support Files/Pods-MyComic/Pods-MyComic-frameworks.sh\"\n";
			showEnvVarsInLog = 0;
		};
		C6CE09802883C064001BECE9 /* Rswift */ = {
			isa = PBXShellScriptBuildPhase;
			alwaysOutOfDate = 1;
			buildActionMask = 2147483647;
			files = (
			);
			inputFileListPaths = (
			);
			inputPaths = (
				"$TEMP_DIR/rswift-lastrun",
			);
			name = Rswift;
			outputFileListPaths = (
			);
			outputPaths = (
				$SRCROOT/MyComic/Application/Resources/R.generated.swift,
			);
			runOnlyForDeploymentPostprocessing = 0;
			shellPath = /bin/sh;
			shellScript = "\"$PODS_ROOT/R.swift/rswift\" generate \"$SRCROOT/MyComic/Application/Resources/R.generated.swift\"\n";
		};
/* End PBXShellScriptBuildPhase section */

/* Begin PBXSourcesBuildPhase section */
		C671767E287037CB008E6CEC /* Sources */ = {
			isa = PBXSourcesBuildPhase;
			buildActionMask = 2147483647;
			files = (
				C67176E428839725008E6CEC /* ToBuyListView.swift in Sources */,
				C67176D42872A06E008E6CEC /* Protocols.swift in Sources */,
				C67176B728703E06008E6CEC /* Comic.swift in Sources */,
				C6717686287037CB008E6CEC /* MyComicApp.swift in Sources */,
				C67176DA2872A37A008E6CEC /* TopInteractor.swift in Sources */,
				C67176D82872A368008E6CEC /* TopRouter.swift in Sources */,
				C67176DE2872A3B7008E6CEC /* TopScene.swift in Sources */,
				C67176D62872A2FC008E6CEC /* TopView.swift in Sources */,
				C67176DC2872A3A0008E6CEC /* TopPresenter.swift in Sources */,
				C67176E228839718008E6CEC /* MyListView.swift in Sources */,
				C67176C528704A15008E6CEC /* Repository.swift in Sources */,
				C6CE098E2883CE27001BECE9 /* R.generated.swift in Sources */,
			);
			runOnlyForDeploymentPostprocessing = 0;
		};
		C671768F287037CF008E6CEC /* Sources */ = {
			isa = PBXSourcesBuildPhase;
			buildActionMask = 2147483647;
			files = (
				C6717698287037CF008E6CEC /* MyComicTests.swift in Sources */,
			);
			runOnlyForDeploymentPostprocessing = 0;
		};
		C671769A287037CF008E6CEC /* Sources */ = {
			isa = PBXSourcesBuildPhase;
			buildActionMask = 2147483647;
			files = (
				C67176A3287037CF008E6CEC /* MyComicUITests.swift in Sources */,
			);
			runOnlyForDeploymentPostprocessing = 0;
		};
/* End PBXSourcesBuildPhase section */

/* Begin PBXTargetDependency section */
		C6717695287037CF008E6CEC /* PBXTargetDependency */ = {
			isa = PBXTargetDependency;
			target = C6717681287037CB008E6CEC /* MyComic */;
			targetProxy = C6717694287037CF008E6CEC /* PBXContainerItemProxy */;
		};
		C67176A0287037CF008E6CEC /* PBXTargetDependency */ = {
			isa = PBXTargetDependency;
			target = C6717681287037CB008E6CEC /* MyComic */;
			targetProxy = C671769F287037CF008E6CEC /* PBXContainerItemProxy */;
		};
/* End PBXTargetDependency section */

/* Begin XCBuildConfiguration section */
		C67176A5287037CF008E6CEC /* Debug */ = {
			isa = XCBuildConfiguration;
			buildSettings = {
				ALWAYS_SEARCH_USER_PATHS = NO;
				CLANG_ANALYZER_NONNULL = YES;
				CLANG_ANALYZER_NUMBER_OBJECT_CONVERSION = YES_AGGRESSIVE;
				CLANG_CXX_LANGUAGE_STANDARD = "gnu++14";
				CLANG_CXX_LIBRARY = "libc++";
				CLANG_ENABLE_MODULES = YES;
				CLANG_ENABLE_OBJC_ARC = YES;
				CLANG_ENABLE_OBJC_WEAK = YES;
				CLANG_WARN_BLOCK_CAPTURE_AUTORELEASING = YES;
				CLANG_WARN_BOOL_CONVERSION = YES;
				CLANG_WARN_COMMA = YES;
				CLANG_WARN_CONSTANT_CONVERSION = YES;
				CLANG_WARN_DEPRECATED_OBJC_IMPLEMENTATIONS = YES;
				CLANG_WARN_DIRECT_OBJC_ISA_USAGE = YES_ERROR;
				CLANG_WARN_DOCUMENTATION_COMMENTS = YES;
				CLANG_WARN_EMPTY_BODY = YES;
				CLANG_WARN_ENUM_CONVERSION = YES;
				CLANG_WARN_INFINITE_RECURSION = YES;
				CLANG_WARN_INT_CONVERSION = YES;
				CLANG_WARN_NON_LITERAL_NULL_CONVERSION = YES;
				CLANG_WARN_OBJC_IMPLICIT_RETAIN_SELF = YES;
				CLANG_WARN_OBJC_LITERAL_CONVERSION = YES;
				CLANG_WARN_OBJC_ROOT_CLASS = YES_ERROR;
				CLANG_WARN_QUOTED_INCLUDE_IN_FRAMEWORK_HEADER = YES;
				CLANG_WARN_RANGE_LOOP_ANALYSIS = YES;
				CLANG_WARN_STRICT_PROTOTYPES = YES;
				CLANG_WARN_SUSPICIOUS_MOVE = YES;
				CLANG_WARN_UNGUARDED_AVAILABILITY = YES_AGGRESSIVE;
				CLANG_WARN_UNREACHABLE_CODE = YES;
				CLANG_WARN__DUPLICATE_METHOD_MATCH = YES;
				COPY_PHASE_STRIP = NO;
				DEBUG_INFORMATION_FORMAT = dwarf;
				ENABLE_STRICT_OBJC_MSGSEND = YES;
				ENABLE_TESTABILITY = YES;
				GCC_C_LANGUAGE_STANDARD = gnu11;
				GCC_DYNAMIC_NO_PIC = NO;
				GCC_NO_COMMON_BLOCKS = YES;
				GCC_OPTIMIZATION_LEVEL = 0;
				GCC_PREPROCESSOR_DEFINITIONS = (
					"DEBUG=1",
					"$(inherited)",
				);
				GCC_WARN_64_TO_32_BIT_CONVERSION = YES;
				GCC_WARN_ABOUT_RETURN_TYPE = YES_ERROR;
				GCC_WARN_UNDECLARED_SELECTOR = YES;
				GCC_WARN_UNINITIALIZED_AUTOS = YES_AGGRESSIVE;
				GCC_WARN_UNUSED_FUNCTION = YES;
				GCC_WARN_UNUSED_VARIABLE = YES;
				IPHONEOS_DEPLOYMENT_TARGET = 14.0;
				MTL_ENABLE_DEBUG_INFO = INCLUDE_SOURCE;
				MTL_FAST_MATH = YES;
				ONLY_ACTIVE_ARCH = YES;
				SDKROOT = iphoneos;
				SWIFT_ACTIVE_COMPILATION_CONDITIONS = DEBUG;
				SWIFT_OPTIMIZATION_LEVEL = "-Onone";
			};
			name = Debug;
		};
		C67176A6287037CF008E6CEC /* Release */ = {
			isa = XCBuildConfiguration;
			buildSettings = {
				ALWAYS_SEARCH_USER_PATHS = NO;
				CLANG_ANALYZER_NONNULL = YES;
				CLANG_ANALYZER_NUMBER_OBJECT_CONVERSION = YES_AGGRESSIVE;
				CLANG_CXX_LANGUAGE_STANDARD = "gnu++14";
				CLANG_CXX_LIBRARY = "libc++";
				CLANG_ENABLE_MODULES = YES;
				CLANG_ENABLE_OBJC_ARC = YES;
				CLANG_ENABLE_OBJC_WEAK = YES;
				CLANG_WARN_BLOCK_CAPTURE_AUTORELEASING = YES;
				CLANG_WARN_BOOL_CONVERSION = YES;
				CLANG_WARN_COMMA = YES;
				CLANG_WARN_CONSTANT_CONVERSION = YES;
				CLANG_WARN_DEPRECATED_OBJC_IMPLEMENTATIONS = YES;
				CLANG_WARN_DIRECT_OBJC_ISA_USAGE = YES_ERROR;
				CLANG_WARN_DOCUMENTATION_COMMENTS = YES;
				CLANG_WARN_EMPTY_BODY = YES;
				CLANG_WARN_ENUM_CONVERSION = YES;
				CLANG_WARN_INFINITE_RECURSION = YES;
				CLANG_WARN_INT_CONVERSION = YES;
				CLANG_WARN_NON_LITERAL_NULL_CONVERSION = YES;
				CLANG_WARN_OBJC_IMPLICIT_RETAIN_SELF = YES;
				CLANG_WARN_OBJC_LITERAL_CONVERSION = YES;
				CLANG_WARN_OBJC_ROOT_CLASS = YES_ERROR;
				CLANG_WARN_QUOTED_INCLUDE_IN_FRAMEWORK_HEADER = YES;
				CLANG_WARN_RANGE_LOOP_ANALYSIS = YES;
				CLANG_WARN_STRICT_PROTOTYPES = YES;
				CLANG_WARN_SUSPICIOUS_MOVE = YES;
				CLANG_WARN_UNGUARDED_AVAILABILITY = YES_AGGRESSIVE;
				CLANG_WARN_UNREACHABLE_CODE = YES;
				CLANG_WARN__DUPLICATE_METHOD_MATCH = YES;
				COPY_PHASE_STRIP = NO;
				DEBUG_INFORMATION_FORMAT = "dwarf-with-dsym";
				ENABLE_NS_ASSERTIONS = NO;
				ENABLE_STRICT_OBJC_MSGSEND = YES;
				GCC_C_LANGUAGE_STANDARD = gnu11;
				GCC_NO_COMMON_BLOCKS = YES;
				GCC_WARN_64_TO_32_BIT_CONVERSION = YES;
				GCC_WARN_ABOUT_RETURN_TYPE = YES_ERROR;
				GCC_WARN_UNDECLARED_SELECTOR = YES;
				GCC_WARN_UNINITIALIZED_AUTOS = YES_AGGRESSIVE;
				GCC_WARN_UNUSED_FUNCTION = YES;
				GCC_WARN_UNUSED_VARIABLE = YES;
				IPHONEOS_DEPLOYMENT_TARGET = 14.0;
				MTL_ENABLE_DEBUG_INFO = NO;
				MTL_FAST_MATH = YES;
				SDKROOT = iphoneos;
				SWIFT_COMPILATION_MODE = wholemodule;
				SWIFT_OPTIMIZATION_LEVEL = "-O";
				VALIDATE_PRODUCT = YES;
			};
			name = Release;
		};
		C67176A8287037CF008E6CEC /* Debug */ = {
			isa = XCBuildConfiguration;
			baseConfigurationReference = C991E5B5E5B286E6E7C31831 /* Pods-MyComic.debug.xcconfig */;
			buildSettings = {
				ASSETCATALOG_COMPILER_APPICON_NAME = AppIcon;
				ASSETCATALOG_COMPILER_GLOBAL_ACCENT_COLOR_NAME = AccentColor;
				CODE_SIGN_STYLE = Automatic;
				DEVELOPMENT_ASSET_PATHS = "\"MyComic/Application/Resources/Preview Content\"";
				ENABLE_PREVIEWS = YES;
				INFOPLIST_FILE = MyComic/Application/Info.plist;
				IPHONEOS_DEPLOYMENT_TARGET = 14.0;
				LD_RUNPATH_SEARCH_PATHS = (
					"$(inherited)",
					"@executable_path/Frameworks",
				);
				PRODUCT_BUNDLE_IDENTIFIER = com.kagehito.MyComic;
				PRODUCT_NAME = "$(TARGET_NAME)";
				SWIFT_VERSION = 5.0;
				TARGETED_DEVICE_FAMILY = "1,2";
			};
			name = Debug;
		};
		C67176A9287037CF008E6CEC /* Release */ = {
			isa = XCBuildConfiguration;
			baseConfigurationReference = 935B3751DE661BB9F543FDBD /* Pods-MyComic.release.xcconfig */;
			buildSettings = {
				ASSETCATALOG_COMPILER_APPICON_NAME = AppIcon;
				ASSETCATALOG_COMPILER_GLOBAL_ACCENT_COLOR_NAME = AccentColor;
				CODE_SIGN_STYLE = Automatic;
				DEVELOPMENT_ASSET_PATHS = "\"MyComic/Application/Resources/Preview Content\"";
				ENABLE_PREVIEWS = YES;
				INFOPLIST_FILE = MyComic/Application/Info.plist;
				IPHONEOS_DEPLOYMENT_TARGET = 14.0;
				LD_RUNPATH_SEARCH_PATHS = (
					"$(inherited)",
					"@executable_path/Frameworks",
				);
				PRODUCT_BUNDLE_IDENTIFIER = com.kagehito.MyComic;
				PRODUCT_NAME = "$(TARGET_NAME)";
				SWIFT_VERSION = 5.0;
				TARGETED_DEVICE_FAMILY = "1,2";
			};
			name = Release;
		};
		C67176AB287037CF008E6CEC /* Debug */ = {
			isa = XCBuildConfiguration;
			baseConfigurationReference = 382691351916C62A07B24656 /* Pods-MyComicTests.debug.xcconfig */;
			buildSettings = {
				ALWAYS_EMBED_SWIFT_STANDARD_LIBRARIES = YES;
				BUNDLE_LOADER = "$(TEST_HOST)";
				CODE_SIGN_STYLE = Automatic;
				INFOPLIST_FILE = MyComicTests/Info.plist;
				IPHONEOS_DEPLOYMENT_TARGET = 14.0;
				LD_RUNPATH_SEARCH_PATHS = (
					"$(inherited)",
					"@executable_path/Frameworks",
					"@loader_path/Frameworks",
				);
				PRODUCT_BUNDLE_IDENTIFIER = com.kagehito.MyComicTests;
				PRODUCT_NAME = "$(TARGET_NAME)";
				SWIFT_VERSION = 5.0;
				TARGETED_DEVICE_FAMILY = "1,2";
				TEST_HOST = "$(BUILT_PRODUCTS_DIR)/MyComic.app/MyComic";
			};
			name = Debug;
		};
		C67176AC287037CF008E6CEC /* Release */ = {
			isa = XCBuildConfiguration;
			baseConfigurationReference = A3F0B53568AA1F6AAC904E89 /* Pods-MyComicTests.release.xcconfig */;
			buildSettings = {
				ALWAYS_EMBED_SWIFT_STANDARD_LIBRARIES = YES;
				BUNDLE_LOADER = "$(TEST_HOST)";
				CODE_SIGN_STYLE = Automatic;
				INFOPLIST_FILE = MyComicTests/Info.plist;
				IPHONEOS_DEPLOYMENT_TARGET = 14.0;
				LD_RUNPATH_SEARCH_PATHS = (
					"$(inherited)",
					"@executable_path/Frameworks",
					"@loader_path/Frameworks",
				);
				PRODUCT_BUNDLE_IDENTIFIER = com.kagehito.MyComicTests;
				PRODUCT_NAME = "$(TARGET_NAME)";
				SWIFT_VERSION = 5.0;
				TARGETED_DEVICE_FAMILY = "1,2";
				TEST_HOST = "$(BUILT_PRODUCTS_DIR)/MyComic.app/MyComic";
			};
			name = Release;
		};
		C67176AE287037CF008E6CEC /* Debug */ = {
			isa = XCBuildConfiguration;
			baseConfigurationReference = 6DD977DCE425334DBF46DCEA /* Pods-MyComic-MyComicUITests.debug.xcconfig */;
			buildSettings = {
				ALWAYS_EMBED_SWIFT_STANDARD_LIBRARIES = YES;
				CODE_SIGN_STYLE = Automatic;
				INFOPLIST_FILE = MyComicUITests/Info.plist;
				LD_RUNPATH_SEARCH_PATHS = (
					"$(inherited)",
					"@executable_path/Frameworks",
					"@loader_path/Frameworks",
				);
				PRODUCT_BUNDLE_IDENTIFIER = com.kagehito.MyComicUITests;
				PRODUCT_NAME = "$(TARGET_NAME)";
				SWIFT_VERSION = 5.0;
				TARGETED_DEVICE_FAMILY = "1,2";
				TEST_TARGET_NAME = MyComic;
			};
			name = Debug;
		};
		C67176AF287037CF008E6CEC /* Release */ = {
			isa = XCBuildConfiguration;
			baseConfigurationReference = 86E6E8B80D1554EF9FF1668B /* Pods-MyComic-MyComicUITests.release.xcconfig */;
			buildSettings = {
				ALWAYS_EMBED_SWIFT_STANDARD_LIBRARIES = YES;
				CODE_SIGN_STYLE = Automatic;
				INFOPLIST_FILE = MyComicUITests/Info.plist;
				LD_RUNPATH_SEARCH_PATHS = (
					"$(inherited)",
					"@executable_path/Frameworks",
					"@loader_path/Frameworks",
				);
				PRODUCT_BUNDLE_IDENTIFIER = com.kagehito.MyComicUITests;
				PRODUCT_NAME = "$(TARGET_NAME)";
				SWIFT_VERSION = 5.0;
				TARGETED_DEVICE_FAMILY = "1,2";
				TEST_TARGET_NAME = MyComic;
			};
			name = Release;
		};
/* End XCBuildConfiguration section */

/* Begin XCConfigurationList section */
		C671767D287037CB008E6CEC /* Build configuration list for PBXProject "MyComic" */ = {
			isa = XCConfigurationList;
			buildConfigurations = (
				C67176A5287037CF008E6CEC /* Debug */,
				C67176A6287037CF008E6CEC /* Release */,
			);
			defaultConfigurationIsVisible = 0;
			defaultConfigurationName = Release;
		};
		C67176A7287037CF008E6CEC /* Build configuration list for PBXNativeTarget "MyComic" */ = {
			isa = XCConfigurationList;
			buildConfigurations = (
				C67176A8287037CF008E6CEC /* Debug */,
				C67176A9287037CF008E6CEC /* Release */,
			);
			defaultConfigurationIsVisible = 0;
			defaultConfigurationName = Release;
		};
		C67176AA287037CF008E6CEC /* Build configuration list for PBXNativeTarget "MyComicTests" */ = {
			isa = XCConfigurationList;
			buildConfigurations = (
				C67176AB287037CF008E6CEC /* Debug */,
				C67176AC287037CF008E6CEC /* Release */,
			);
			defaultConfigurationIsVisible = 0;
			defaultConfigurationName = Release;
		};
		C67176AD287037CF008E6CEC /* Build configuration list for PBXNativeTarget "MyComicUITests" */ = {
			isa = XCConfigurationList;
			buildConfigurations = (
				C67176AE287037CF008E6CEC /* Debug */,
				C67176AF287037CF008E6CEC /* Release */,
			);
			defaultConfigurationIsVisible = 0;
			defaultConfigurationName = Release;
		};
/* End XCConfigurationList section */
	};
	rootObject = C671767A287037CB008E6CEC /* Project object */;
}
